// !$*UTF8*$!
{
	archiveVersion = 1;
	classes = {
	};
	objectVersion = 46;
	objects = {

/* Begin PBXBuildFile section */
		294CA36E1CCE3AB200518FEB /* ListViewInterface.swift in Sources */ = {isa = PBXBuildFile; fileRef = 294CA36D1CCE3AB200518FEB /* ListViewInterface.swift */; };
		294CA3711CCE3C8800518FEB /* ListWireframe.swift in Sources */ = {isa = PBXBuildFile; fileRef = 294CA3701CCE3C8800518FEB /* ListWireframe.swift */; };
		294CA3761CCE3FC000518FEB /* RootWireframe.swift in Sources */ = {isa = PBXBuildFile; fileRef = 294CA3751CCE3FC000518FEB /* RootWireframe.swift */; };
		294CA3791CCE624D00518FEB /* AppDependencies.swift in Sources */ = {isa = PBXBuildFile; fileRef = 294CA3781CCE624D00518FEB /* AppDependencies.swift */; };
		294CA37D1CCE863100518FEB /* FilterPresenter.swift in Sources */ = {isa = PBXBuildFile; fileRef = 294CA37C1CCE863100518FEB /* FilterPresenter.swift */; };
		294CA3801CCE86B000518FEB /* FilterModuleInterface.swift in Sources */ = {isa = PBXBuildFile; fileRef = 294CA37F1CCE86B000518FEB /* FilterModuleInterface.swift */; };
		294CA3871CCE895900518FEB /* FilterInteractor.swift in Sources */ = {isa = PBXBuildFile; fileRef = 294CA3861CCE895900518FEB /* FilterInteractor.swift */; };
		294CA38A1CCE8AB300518FEB /* FilterWireframe.swift in Sources */ = {isa = PBXBuildFile; fileRef = 294CA3891CCE8AB300518FEB /* FilterWireframe.swift */; };
		294CA3921CCE935B00518FEB /* FilterCharactersTableViewController.swift in Sources */ = {isa = PBXBuildFile; fileRef = 294CA38D1CCE935B00518FEB /* FilterCharactersTableViewController.swift */; };
		294CA3931CCE935B00518FEB /* FilterTableViewCell.swift in Sources */ = {isa = PBXBuildFile; fileRef = 294CA38E1CCE935B00518FEB /* FilterTableViewCell.swift */; };
		294CA3971CCE98A400518FEB /* FilterModuleDelegateInterface.swift in Sources */ = {isa = PBXBuildFile; fileRef = 294CA3961CCE98A400518FEB /* FilterModuleDelegateInterface.swift */; };
		294CA39A1CCE9E6D00518FEB /* DetailsWireframe.swift in Sources */ = {isa = PBXBuildFile; fileRef = 294CA3991CCE9E6D00518FEB /* DetailsWireframe.swift */; };
		294CA39C1CCED22600518FEB /* FilterInteractorIO.swift in Sources */ = {isa = PBXBuildFile; fileRef = 294CA39B1CCED22600518FEB /* FilterInteractorIO.swift */; };
		294CA39E1CCED42500518FEB /* FilterViewInterface.swift in Sources */ = {isa = PBXBuildFile; fileRef = 294CA39D1CCED42500518FEB /* FilterViewInterface.swift */; };
		294CA3A21CCF033B00518FEB /* DetailsInteractor.swift in Sources */ = {isa = PBXBuildFile; fileRef = 294CA3A11CCF033B00518FEB /* DetailsInteractor.swift */; };
		294CA3A41CCF036900518FEB /* DetailsInteractorIO.swift in Sources */ = {isa = PBXBuildFile; fileRef = 294CA3A31CCF036900518FEB /* DetailsInteractorIO.swift */; };
		294CA3A71CCF042500518FEB /* DetailsPresenter.swift in Sources */ = {isa = PBXBuildFile; fileRef = 294CA3A61CCF042500518FEB /* DetailsPresenter.swift */; };
		294CA3AA1CCF04D500518FEB /* DetailsModuleInterface.swift in Sources */ = {isa = PBXBuildFile; fileRef = 294CA3A91CCF04D500518FEB /* DetailsModuleInterface.swift */; };
		296F5AC41CC6FF42000BA496 /* ListInteractor.swift in Sources */ = {isa = PBXBuildFile; fileRef = 296F5AC31CC6FF42000BA496 /* ListInteractor.swift */; };
		296F5AC61CC6FF55000BA496 /* ListInteractorIO.swift in Sources */ = {isa = PBXBuildFile; fileRef = 296F5AC51CC6FF55000BA496 /* ListInteractorIO.swift */; };
		296F5AC91CC7058B000BA496 /* ListModuleInterface.swift in Sources */ = {isa = PBXBuildFile; fileRef = 296F5AC81CC7058B000BA496 /* ListModuleInterface.swift */; };
		296F5ACC1CC70699000BA496 /* ListPresenter.swift in Sources */ = {isa = PBXBuildFile; fileRef = 296F5ACB1CC70699000BA496 /* ListPresenter.swift */; };
		298923231CC4F6B000BCB5EE /* MarvelGateway.swift in Sources */ = {isa = PBXBuildFile; fileRef = 298923221CC4F6B000BCB5EE /* MarvelGateway.swift */; };
		298923291CC50F4D00BCB5EE /* MarvelFactory.swift in Sources */ = {isa = PBXBuildFile; fileRef = 298923281CC50F4D00BCB5EE /* MarvelFactory.swift */; };
		2989232B1CC510D100BCB5EE /* MarvelFactory+Characters.swift in Sources */ = {isa = PBXBuildFile; fileRef = 2989232A1CC510D100BCB5EE /* MarvelFactory+Characters.swift */; };
		298923311CC5133A00BCB5EE /* Networking.swift in Sources */ = {isa = PBXBuildFile; fileRef = 2989232E1CC5133A00BCB5EE /* Networking.swift */; };
		298923501CC5177400BCB5EE /* ComicList.swift in Sources */ = {isa = PBXBuildFile; fileRef = 298923461CC5177400BCB5EE /* ComicList.swift */; };
		298923511CC5177400BCB5EE /* Data.swift in Sources */ = {isa = PBXBuildFile; fileRef = 298923471CC5177400BCB5EE /* Data.swift */; };
		298923521CC5177400BCB5EE /* Event.swift in Sources */ = {isa = PBXBuildFile; fileRef = 298923481CC5177400BCB5EE /* Event.swift */; };
		298923531CC5177400BCB5EE /* Item.swift in Sources */ = {isa = PBXBuildFile; fileRef = 298923491CC5177400BCB5EE /* Item.swift */; };
		298923541CC5177400BCB5EE /* Character.swift in Sources */ = {isa = PBXBuildFile; fileRef = 2989234A1CC5177400BCB5EE /* Character.swift */; };
		298923551CC5177400BCB5EE /* RootClass.swift in Sources */ = {isa = PBXBuildFile; fileRef = 2989234B1CC5177400BCB5EE /* RootClass.swift */; };
		298923561CC5177400BCB5EE /* Serie.swift in Sources */ = {isa = PBXBuildFile; fileRef = 2989234C1CC5177400BCB5EE /* Serie.swift */; };
		298923571CC5177400BCB5EE /* Storie.swift in Sources */ = {isa = PBXBuildFile; fileRef = 2989234D1CC5177400BCB5EE /* Storie.swift */; };
		298923581CC5177400BCB5EE /* Thumbnail.swift in Sources */ = {isa = PBXBuildFile; fileRef = 2989234E1CC5177400BCB5EE /* Thumbnail.swift */; };
		298923591CC5177400BCB5EE /* Url.swift in Sources */ = {isa = PBXBuildFile; fileRef = 2989234F1CC5177400BCB5EE /* Url.swift */; };
		298EE3481CC5C564008AE608 /* MarvelAuthenticationTests.swift in Sources */ = {isa = PBXBuildFile; fileRef = 298EE3471CC5C564008AE608 /* MarvelAuthenticationTests.swift */; };
		29A1E3271CCC18CA0091A72A /* CounterView.swift in Sources */ = {isa = PBXBuildFile; fileRef = 29A1E3261CCC18CA0091A72A /* CounterView.swift */; };
		29AFFCE41CCF7E39002B9B40 /* DetailsViewInterface.swift in Sources */ = {isa = PBXBuildFile; fileRef = 29AFFCE31CCF7E39002B9B40 /* DetailsViewInterface.swift */; };
		29AFFCE61CCFF2EA002B9B40 /* ListInteractorTests.swift in Sources */ = {isa = PBXBuildFile; fileRef = 29AFFCE51CCFF2EA002B9B40 /* ListInteractorTests.swift */; };
		29AFFCE81CD0090E002B9B40 /* ListViewTests.swift in Sources */ = {isa = PBXBuildFile; fileRef = 29AFFCE71CD0090E002B9B40 /* ListViewTests.swift */; };
		29AFFCEA1CD01C6D002B9B40 /* FilterInteractorTests.swift in Sources */ = {isa = PBXBuildFile; fileRef = 29AFFCE91CD01C6D002B9B40 /* FilterInteractorTests.swift */; };
		29AFFCEC1CD020D5002B9B40 /* DetailsInteractorTests.swift in Sources */ = {isa = PBXBuildFile; fileRef = 29AFFCEB1CD020D5002B9B40 /* DetailsInteractorTests.swift */; };
		29AFFCEE1CD026FC002B9B40 /* ListPresenterTests.swift in Sources */ = {isa = PBXBuildFile; fileRef = 29AFFCED1CD026FC002B9B40 /* ListPresenterTests.swift */; };
		29AFFCF11CD027D2002B9B40 /* Characters.json in Resources */ = {isa = PBXBuildFile; fileRef = 29AFFCF01CD027D2002B9B40 /* Characters.json */; };
		29AFFCF31CD068E5002B9B40 /* FilterPresenterTests.swift in Sources */ = {isa = PBXBuildFile; fileRef = 29AFFCF21CD068E5002B9B40 /* FilterPresenterTests.swift */; };
		29AFFCF51CD06D03002B9B40 /* DetailsPresenterTests.swift in Sources */ = {isa = PBXBuildFile; fileRef = 29AFFCF41CD06D03002B9B40 /* DetailsPresenterTests.swift */; };
		29AFFCF81CD06EEE002B9B40 /* Comics.json in Resources */ = {isa = PBXBuildFile; fileRef = 29AFFCF71CD06EEE002B9B40 /* Comics.json */; };
		29AFFCFA1CD071AA002B9B40 /* Series.json in Resources */ = {isa = PBXBuildFile; fileRef = 29AFFCF91CD071AA002B9B40 /* Series.json */; };
		29AFFCFC1CD07440002B9B40 /* Stories.json in Resources */ = {isa = PBXBuildFile; fileRef = 29AFFCFB1CD07440002B9B40 /* Stories.json */; };
		29AFFCFE1CD0750F002B9B40 /* Events.json in Resources */ = {isa = PBXBuildFile; fileRef = 29AFFCFD1CD0750F002B9B40 /* Events.json */; };
		29BF4EF31CC80A3B00C0194F /* MarvelHeroesDetailsTableViewController.swift in Sources */ = {isa = PBXBuildFile; fileRef = 29BF4EF21CC80A3B00C0194F /* MarvelHeroesDetailsTableViewController.swift */; };
		29BF4F011CC8297400C0194F /* FooterReusableView.swift in Sources */ = {isa = PBXBuildFile; fileRef = 29BF4F001CC8297400C0194F /* FooterReusableView.swift */; };
		29BF4F031CC8591800C0194F /* CategoryRow.swift in Sources */ = {isa = PBXBuildFile; fileRef = 29BF4F021CC8591800C0194F /* CategoryRow.swift */; };
		29BF4F051CC8CFF500C0194F /* MarvelFactory+Comics.swift in Sources */ = {isa = PBXBuildFile; fileRef = 29BF4F041CC8CFF500C0194F /* MarvelFactory+Comics.swift */; };
		29BF4F161CC8D6DE00C0194F /* CharacterList.swift in Sources */ = {isa = PBXBuildFile; fileRef = 29BF4F071CC8D6DE00C0194F /* CharacterList.swift */; };
		29BF4F171CC8D6DE00C0194F /* Creator.swift in Sources */ = {isa = PBXBuildFile; fileRef = 29BF4F081CC8D6DE00C0194F /* Creator.swift */; };
		29BF4F181CC8D6DE00C0194F /* ComicData.swift in Sources */ = {isa = PBXBuildFile; fileRef = 29BF4F091CC8D6DE00C0194F /* ComicData.swift */; };
		29BF4F191CC8D6DE00C0194F /* Date.swift in Sources */ = {isa = PBXBuildFile; fileRef = 29BF4F0A1CC8D6DE00C0194F /* Date.swift */; };
		29BF4F1B1CC8D6DE00C0194F /* Image.swift in Sources */ = {isa = PBXBuildFile; fileRef = 29BF4F0C1CC8D6DE00C0194F /* Image.swift */; };
		29BF4F1D1CC8D6DE00C0194F /* Price.swift in Sources */ = {isa = PBXBuildFile; fileRef = 29BF4F0E1CC8D6DE00C0194F /* Price.swift */; };
		29BF4F1E1CC8D6DE00C0194F /* Comic.swift in Sources */ = {isa = PBXBuildFile; fileRef = 29BF4F0F1CC8D6DE00C0194F /* Comic.swift */; };
		29BF4F1F1CC8D6DE00C0194F /* ComicRootClass.swift in Sources */ = {isa = PBXBuildFile; fileRef = 29BF4F101CC8D6DE00C0194F /* ComicRootClass.swift */; };
		29BF4F201CC8D6DE00C0194F /* SeriesSummary.swift in Sources */ = {isa = PBXBuildFile; fileRef = 29BF4F111CC8D6DE00C0194F /* SeriesSummary.swift */; };
		29BF4F221CC8D6DE00C0194F /* TextObject.swift in Sources */ = {isa = PBXBuildFile; fileRef = 29BF4F131CC8D6DE00C0194F /* TextObject.swift */; };
		29BF4F261CC8E2E000C0194F /* ComicSummary.swift in Sources */ = {isa = PBXBuildFile; fileRef = 29BF4F251CC8E2E000C0194F /* ComicSummary.swift */; };
		29BF4F281CC9463D00C0194F /* Catalog.swift in Sources */ = {isa = PBXBuildFile; fileRef = 29BF4F271CC9463D00C0194F /* Catalog.swift */; };
		29BF4F2A1CC9AB0600C0194F /* CharacterSectionCollectionViewCell.swift in Sources */ = {isa = PBXBuildFile; fileRef = 29BF4F291CC9AB0600C0194F /* CharacterSectionCollectionViewCell.swift */; };
		29BF4F2C1CC9C0E000C0194F /* BaseRootClass.swift in Sources */ = {isa = PBXBuildFile; fileRef = 29BF4F2B1CC9C0E000C0194F /* BaseRootClass.swift */; };
		29BF4F3C1CC9C34200C0194F /* SeriesData.swift in Sources */ = {isa = PBXBuildFile; fileRef = 29BF4F311CC9C34200C0194F /* SeriesData.swift */; };
		29BF4F3F1CC9C34200C0194F /* Series.swift in Sources */ = {isa = PBXBuildFile; fileRef = 29BF4F341CC9C34200C0194F /* Series.swift */; };
		29BF4F401CC9C34200C0194F /* SeriesRootClass.swift in Sources */ = {isa = PBXBuildFile; fileRef = 29BF4F351CC9C34200C0194F /* SeriesRootClass.swift */; };
		29BF4F451CC9C78300C0194F /* MarvelFactory+Series.swift in Sources */ = {isa = PBXBuildFile; fileRef = 29BF4F441CC9C78300C0194F /* MarvelFactory+Series.swift */; };
		29BF4F471CC9D0BF00C0194F /* UIImageEffects.swift in Sources */ = {isa = PBXBuildFile; fileRef = 29BF4F461CC9D0BF00C0194F /* UIImageEffects.swift */; };
		29BF4F491CCA2E0B00C0194F /* CharacterDetailsTopCellTableViewCell.swift in Sources */ = {isa = PBXBuildFile; fileRef = 29BF4F481CCA2E0B00C0194F /* CharacterDetailsTopCellTableViewCell.swift */; };
		29BF4F4C1CCA412A00C0194F /* ParallaxTableViewController.swift in Sources */ = {isa = PBXBuildFile; fileRef = 29BF4F4B1CCA412A00C0194F /* ParallaxTableViewController.swift */; };
		29BF4F4E1CCA54F200C0194F /* RelatedLinksTableViewCell.swift in Sources */ = {isa = PBXBuildFile; fileRef = 29BF4F4D1CCA54F200C0194F /* RelatedLinksTableViewCell.swift */; };
		29BF4F501CCA86F400C0194F /* String+ UppercaseFirst.swift in Sources */ = {isa = PBXBuildFile; fileRef = 29BF4F4F1CCA86F400C0194F /* String+ UppercaseFirst.swift */; };
		29BF4F5F1CCAC97E00C0194F /* StoriesData.swift in Sources */ = {isa = PBXBuildFile; fileRef = 29BF4F551CCAC97D00C0194F /* StoriesData.swift */; };
		29BF4F621CCAC97E00C0194F /* OriginalIssue.swift in Sources */ = {isa = PBXBuildFile; fileRef = 29BF4F581CCAC97D00C0194F /* OriginalIssue.swift */; };
		29BF4F631CCAC97E00C0194F /* Stories.swift in Sources */ = {isa = PBXBuildFile; fileRef = 29BF4F591CCAC97D00C0194F /* Stories.swift */; };
		29BF4F641CCAC97E00C0194F /* StoriesRootClass.swift in Sources */ = {isa = PBXBuildFile; fileRef = 29BF4F5A1CCAC97D00C0194F /* StoriesRootClass.swift */; };
		29BF4F671CCAD5DE00C0194F /* MarvelFactory+Story.swift in Sources */ = {isa = PBXBuildFile; fileRef = 29BF4F661CCAD5DD00C0194F /* MarvelFactory+Story.swift */; };
		29BF4F791CCAD85400C0194F /* EventsData.swift in Sources */ = {isa = PBXBuildFile; fileRef = 29BF4F6C1CCAD85400C0194F /* EventsData.swift */; };
		29BF4F7B1CCAD85400C0194F /* Next.swift in Sources */ = {isa = PBXBuildFile; fileRef = 29BF4F6E1CCAD85400C0194F /* Next.swift */; };
		29BF4F7C1CCAD85400C0194F /* Previou.swift in Sources */ = {isa = PBXBuildFile; fileRef = 29BF4F6F1CCAD85400C0194F /* Previou.swift */; };
		29BF4F7D1CCAD85400C0194F /* Events.swift in Sources */ = {isa = PBXBuildFile; fileRef = 29BF4F701CCAD85400C0194F /* Events.swift */; };
		29BF4F7E1CCAD85400C0194F /* EventsRootClass.swift in Sources */ = {isa = PBXBuildFile; fileRef = 29BF4F711CCAD85400C0194F /* EventsRootClass.swift */; };
		29BF4F841CCADBCD00C0194F /* MarvelFactory+Events.swift in Sources */ = {isa = PBXBuildFile; fileRef = 29BF4F831CCADBCD00C0194F /* MarvelFactory+Events.swift */; };
		29E689F41CC433E6007211D8 /* AppDelegate.swift in Sources */ = {isa = PBXBuildFile; fileRef = 29E689F31CC433E6007211D8 /* AppDelegate.swift */; };
		29E689F91CC43413007211D8 /* UIColor+Palette.swift in Sources */ = {isa = PBXBuildFile; fileRef = 29E689F71CC43413007211D8 /* UIColor+Palette.swift */; };
		29E689FA1CC43413007211D8 /* UIImage+Decompression.swift in Sources */ = {isa = PBXBuildFile; fileRef = 29E689F81CC43413007211D8 /* UIImage+Decompression.swift */; };
		29E689FE1CC4341D007211D8 /* Inspiration.swift in Sources */ = {isa = PBXBuildFile; fileRef = 29E689FC1CC4341D007211D8 /* Inspiration.swift */; };
		29E689FF1CC4341D007211D8 /* Session.swift in Sources */ = {isa = PBXBuildFile; fileRef = 29E689FD1CC4341D007211D8 /* Session.swift */; };
		29E68A071CC43429007211D8 /* ListCharactersViewController.swift in Sources */ = {isa = PBXBuildFile; fileRef = 29E68A041CC43429007211D8 /* ListCharactersViewController.swift */; };
		29E68A081CC43429007211D8 /* SlidingMenuCell.swift in Sources */ = {isa = PBXBuildFile; fileRef = 29E68A051CC43429007211D8 /* SlidingMenuCell.swift */; };
		29E68A091CC43429007211D8 /* SlidingMenuLayout.swift in Sources */ = {isa = PBXBuildFile; fileRef = 29E68A061CC43429007211D8 /* SlidingMenuLayout.swift */; };
		29E68A0D1CC43434007211D8 /* AppConstants.swift in Sources */ = {isa = PBXBuildFile; fileRef = 29E68A0C1CC43434007211D8 /* AppConstants.swift */; };
		29F04D5E1CC18C300082AB14 /* Main.storyboard in Resources */ = {isa = PBXBuildFile; fileRef = 29F04D5C1CC18C300082AB14 /* Main.storyboard */; };
		29F04D601CC18C300082AB14 /* Assets.xcassets in Resources */ = {isa = PBXBuildFile; fileRef = 29F04D5F1CC18C300082AB14 /* Assets.xcassets */; };
		29F04D631CC18C300082AB14 /* LaunchScreen.storyboard in Resources */ = {isa = PBXBuildFile; fileRef = 29F04D611CC18C300082AB14 /* LaunchScreen.storyboard */; };
		29F04D6E1CC18C330082AB14 /* MarvelTests.swift in Sources */ = {isa = PBXBuildFile; fileRef = 29F04D6D1CC18C330082AB14 /* MarvelTests.swift */; };
		29F04D791CC18C330082AB14 /* MarvelUITests.swift in Sources */ = {isa = PBXBuildFile; fileRef = 29F04D781CC18C330082AB14 /* MarvelUITests.swift */; };
		5A5D806E4AC30E9DD5BDB323 /* Pods_Marvel.framework in Frameworks */ = {isa = PBXBuildFile; fileRef = 65C4FBD20AB401635C549FF4 /* Pods_Marvel.framework */; };
/* End PBXBuildFile section */

/* Begin PBXContainerItemProxy section */
		29F04D6A1CC18C330082AB14 /* PBXContainerItemProxy */ = {
			isa = PBXContainerItemProxy;
			containerPortal = 29F04D4B1CC18C2F0082AB14 /* Project object */;
			proxyType = 1;
			remoteGlobalIDString = 29F04D521CC18C2F0082AB14;
			remoteInfo = Marvel;
		};
		29F04D751CC18C330082AB14 /* PBXContainerItemProxy */ = {
			isa = PBXContainerItemProxy;
			containerPortal = 29F04D4B1CC18C2F0082AB14 /* Project object */;
			proxyType = 1;
			remoteGlobalIDString = 29F04D521CC18C2F0082AB14;
			remoteInfo = Marvel;
		};
/* End PBXContainerItemProxy section */

/* Begin PBXFileReference section */
		294CA36D1CCE3AB200518FEB /* ListViewInterface.swift */ = {isa = PBXFileReference; fileEncoding = 4; lastKnownFileType = sourcecode.swift; path = ListViewInterface.swift; sourceTree = "<group>"; };
		294CA3701CCE3C8800518FEB /* ListWireframe.swift */ = {isa = PBXFileReference; fileEncoding = 4; lastKnownFileType = sourcecode.swift; path = ListWireframe.swift; sourceTree = "<group>"; };
		294CA3751CCE3FC000518FEB /* RootWireframe.swift */ = {isa = PBXFileReference; fileEncoding = 4; lastKnownFileType = sourcecode.swift; path = RootWireframe.swift; sourceTree = "<group>"; };
		294CA3781CCE624D00518FEB /* AppDependencies.swift */ = {isa = PBXFileReference; fileEncoding = 4; lastKnownFileType = sourcecode.swift; path = AppDependencies.swift; sourceTree = "<group>"; };
		294CA37C1CCE863100518FEB /* FilterPresenter.swift */ = {isa = PBXFileReference; fileEncoding = 4; lastKnownFileType = sourcecode.swift; path = FilterPresenter.swift; sourceTree = "<group>"; };
		294CA37F1CCE86B000518FEB /* FilterModuleInterface.swift */ = {isa = PBXFileReference; fileEncoding = 4; lastKnownFileType = sourcecode.swift; path = FilterModuleInterface.swift; sourceTree = "<group>"; };
		294CA3861CCE895900518FEB /* FilterInteractor.swift */ = {isa = PBXFileReference; fileEncoding = 4; lastKnownFileType = sourcecode.swift; path = FilterInteractor.swift; sourceTree = "<group>"; };
		294CA3891CCE8AB300518FEB /* FilterWireframe.swift */ = {isa = PBXFileReference; fileEncoding = 4; lastKnownFileType = sourcecode.swift; path = FilterWireframe.swift; sourceTree = "<group>"; };
		294CA38D1CCE935B00518FEB /* FilterCharactersTableViewController.swift */ = {isa = PBXFileReference; fileEncoding = 4; lastKnownFileType = sourcecode.swift; path = FilterCharactersTableViewController.swift; sourceTree = "<group>"; };
		294CA38E1CCE935B00518FEB /* FilterTableViewCell.swift */ = {isa = PBXFileReference; fileEncoding = 4; lastKnownFileType = sourcecode.swift; path = FilterTableViewCell.swift; sourceTree = "<group>"; };
		294CA3961CCE98A400518FEB /* FilterModuleDelegateInterface.swift */ = {isa = PBXFileReference; fileEncoding = 4; lastKnownFileType = sourcecode.swift; path = FilterModuleDelegateInterface.swift; sourceTree = "<group>"; };
		294CA3991CCE9E6D00518FEB /* DetailsWireframe.swift */ = {isa = PBXFileReference; fileEncoding = 4; lastKnownFileType = sourcecode.swift; path = DetailsWireframe.swift; sourceTree = "<group>"; };
		294CA39B1CCED22600518FEB /* FilterInteractorIO.swift */ = {isa = PBXFileReference; fileEncoding = 4; lastKnownFileType = sourcecode.swift; path = FilterInteractorIO.swift; sourceTree = "<group>"; };
		294CA39D1CCED42500518FEB /* FilterViewInterface.swift */ = {isa = PBXFileReference; fileEncoding = 4; lastKnownFileType = sourcecode.swift; path = FilterViewInterface.swift; sourceTree = "<group>"; };
		294CA3A11CCF033B00518FEB /* DetailsInteractor.swift */ = {isa = PBXFileReference; fileEncoding = 4; lastKnownFileType = sourcecode.swift; path = DetailsInteractor.swift; sourceTree = "<group>"; };
		294CA3A31CCF036900518FEB /* DetailsInteractorIO.swift */ = {isa = PBXFileReference; fileEncoding = 4; lastKnownFileType = sourcecode.swift; path = DetailsInteractorIO.swift; sourceTree = "<group>"; };
		294CA3A61CCF042500518FEB /* DetailsPresenter.swift */ = {isa = PBXFileReference; fileEncoding = 4; lastKnownFileType = sourcecode.swift; path = DetailsPresenter.swift; sourceTree = "<group>"; };
		294CA3A91CCF04D500518FEB /* DetailsModuleInterface.swift */ = {isa = PBXFileReference; fileEncoding = 4; lastKnownFileType = sourcecode.swift; path = DetailsModuleInterface.swift; sourceTree = "<group>"; };
		296F5AC31CC6FF42000BA496 /* ListInteractor.swift */ = {isa = PBXFileReference; fileEncoding = 4; lastKnownFileType = sourcecode.swift; path = ListInteractor.swift; sourceTree = "<group>"; };
		296F5AC51CC6FF55000BA496 /* ListInteractorIO.swift */ = {isa = PBXFileReference; fileEncoding = 4; lastKnownFileType = sourcecode.swift; path = ListInteractorIO.swift; sourceTree = "<group>"; };
		296F5AC81CC7058B000BA496 /* ListModuleInterface.swift */ = {isa = PBXFileReference; fileEncoding = 4; lastKnownFileType = sourcecode.swift; path = ListModuleInterface.swift; sourceTree = "<group>"; };
		296F5ACB1CC70699000BA496 /* ListPresenter.swift */ = {isa = PBXFileReference; fileEncoding = 4; lastKnownFileType = sourcecode.swift; path = ListPresenter.swift; sourceTree = "<group>"; };
		298923221CC4F6B000BCB5EE /* MarvelGateway.swift */ = {isa = PBXFileReference; fileEncoding = 4; lastKnownFileType = sourcecode.swift; path = MarvelGateway.swift; sourceTree = "<group>"; };
		298923281CC50F4D00BCB5EE /* MarvelFactory.swift */ = {isa = PBXFileReference; fileEncoding = 4; lastKnownFileType = sourcecode.swift; path = MarvelFactory.swift; sourceTree = "<group>"; };
		2989232A1CC510D100BCB5EE /* MarvelFactory+Characters.swift */ = {isa = PBXFileReference; fileEncoding = 4; lastKnownFileType = sourcecode.swift; path = "MarvelFactory+Characters.swift"; sourceTree = "<group>"; };
		2989232E1CC5133A00BCB5EE /* Networking.swift */ = {isa = PBXFileReference; fileEncoding = 4; lastKnownFileType = sourcecode.swift; path = Networking.swift; sourceTree = "<group>"; };
		298923461CC5177400BCB5EE /* ComicList.swift */ = {isa = PBXFileReference; fileEncoding = 4; lastKnownFileType = sourcecode.swift; path = ComicList.swift; sourceTree = "<group>"; };
		298923471CC5177400BCB5EE /* Data.swift */ = {isa = PBXFileReference; fileEncoding = 4; lastKnownFileType = sourcecode.swift; path = Data.swift; sourceTree = "<group>"; };
		298923481CC5177400BCB5EE /* Event.swift */ = {isa = PBXFileReference; fileEncoding = 4; lastKnownFileType = sourcecode.swift; path = Event.swift; sourceTree = "<group>"; };
		298923491CC5177400BCB5EE /* Item.swift */ = {isa = PBXFileReference; fileEncoding = 4; lastKnownFileType = sourcecode.swift; path = Item.swift; sourceTree = "<group>"; };
		2989234A1CC5177400BCB5EE /* Character.swift */ = {isa = PBXFileReference; fileEncoding = 4; lastKnownFileType = sourcecode.swift; path = Character.swift; sourceTree = "<group>"; };
		2989234B1CC5177400BCB5EE /* RootClass.swift */ = {isa = PBXFileReference; fileEncoding = 4; lastKnownFileType = sourcecode.swift; path = RootClass.swift; sourceTree = "<group>"; };
		2989234C1CC5177400BCB5EE /* Serie.swift */ = {isa = PBXFileReference; fileEncoding = 4; lastKnownFileType = sourcecode.swift; path = Serie.swift; sourceTree = "<group>"; };
		2989234D1CC5177400BCB5EE /* Storie.swift */ = {isa = PBXFileReference; fileEncoding = 4; lastKnownFileType = sourcecode.swift; path = Storie.swift; sourceTree = "<group>"; };
		2989234E1CC5177400BCB5EE /* Thumbnail.swift */ = {isa = PBXFileReference; fileEncoding = 4; lastKnownFileType = sourcecode.swift; path = Thumbnail.swift; sourceTree = "<group>"; };
		2989234F1CC5177400BCB5EE /* Url.swift */ = {isa = PBXFileReference; fileEncoding = 4; lastKnownFileType = sourcecode.swift; path = Url.swift; sourceTree = "<group>"; };
		2989235A1CC5408700BCB5EE /* libcommonCrypto.tbd */ = {isa = PBXFileReference; lastKnownFileType = "sourcecode.text-based-dylib-definition"; name = libcommonCrypto.tbd; path = usr/lib/system/libcommonCrypto.tbd; sourceTree = SDKROOT; };
		298EE3471CC5C564008AE608 /* MarvelAuthenticationTests.swift */ = {isa = PBXFileReference; fileEncoding = 4; lastKnownFileType = sourcecode.swift; path = MarvelAuthenticationTests.swift; sourceTree = "<group>"; };
		29A1E3261CCC18CA0091A72A /* CounterView.swift */ = {isa = PBXFileReference; fileEncoding = 4; lastKnownFileType = sourcecode.swift; path = CounterView.swift; sourceTree = "<group>"; };
		29AFFCE31CCF7E39002B9B40 /* DetailsViewInterface.swift */ = {isa = PBXFileReference; fileEncoding = 4; lastKnownFileType = sourcecode.swift; path = DetailsViewInterface.swift; sourceTree = "<group>"; };
		29AFFCE51CCFF2EA002B9B40 /* ListInteractorTests.swift */ = {isa = PBXFileReference; fileEncoding = 4; lastKnownFileType = sourcecode.swift; path = ListInteractorTests.swift; sourceTree = "<group>"; };
		29AFFCE71CD0090E002B9B40 /* ListViewTests.swift */ = {isa = PBXFileReference; fileEncoding = 4; lastKnownFileType = sourcecode.swift; path = ListViewTests.swift; sourceTree = "<group>"; };
		29AFFCE91CD01C6D002B9B40 /* FilterInteractorTests.swift */ = {isa = PBXFileReference; fileEncoding = 4; lastKnownFileType = sourcecode.swift; path = FilterInteractorTests.swift; sourceTree = "<group>"; };
		29AFFCEB1CD020D5002B9B40 /* DetailsInteractorTests.swift */ = {isa = PBXFileReference; fileEncoding = 4; lastKnownFileType = sourcecode.swift; path = DetailsInteractorTests.swift; sourceTree = "<group>"; };
		29AFFCED1CD026FC002B9B40 /* ListPresenterTests.swift */ = {isa = PBXFileReference; fileEncoding = 4; lastKnownFileType = sourcecode.swift; path = ListPresenterTests.swift; sourceTree = "<group>"; };
		29AFFCF01CD027D2002B9B40 /* Characters.json */ = {isa = PBXFileReference; fileEncoding = 4; lastKnownFileType = text.json; path = Characters.json; sourceTree = "<group>"; };
		29AFFCF21CD068E5002B9B40 /* FilterPresenterTests.swift */ = {isa = PBXFileReference; fileEncoding = 4; lastKnownFileType = sourcecode.swift; path = FilterPresenterTests.swift; sourceTree = "<group>"; };
		29AFFCF41CD06D03002B9B40 /* DetailsPresenterTests.swift */ = {isa = PBXFileReference; fileEncoding = 4; lastKnownFileType = sourcecode.swift; path = DetailsPresenterTests.swift; sourceTree = "<group>"; };
		29AFFCF71CD06EEE002B9B40 /* Comics.json */ = {isa = PBXFileReference; fileEncoding = 4; lastKnownFileType = text.json; path = Comics.json; sourceTree = "<group>"; };
		29AFFCF91CD071AA002B9B40 /* Series.json */ = {isa = PBXFileReference; fileEncoding = 4; lastKnownFileType = text.json; path = Series.json; sourceTree = "<group>"; };
		29AFFCFB1CD07440002B9B40 /* Stories.json */ = {isa = PBXFileReference; fileEncoding = 4; lastKnownFileType = text.json; path = Stories.json; sourceTree = "<group>"; };
		29AFFCFD1CD0750F002B9B40 /* Events.json */ = {isa = PBXFileReference; fileEncoding = 4; lastKnownFileType = text.json; path = Events.json; sourceTree = "<group>"; };
		29BF4EF21CC80A3B00C0194F /* MarvelHeroesDetailsTableViewController.swift */ = {isa = PBXFileReference; fileEncoding = 4; lastKnownFileType = sourcecode.swift; path = MarvelHeroesDetailsTableViewController.swift; sourceTree = "<group>"; };
		29BF4F001CC8297400C0194F /* FooterReusableView.swift */ = {isa = PBXFileReference; fileEncoding = 4; lastKnownFileType = sourcecode.swift; name = FooterReusableView.swift; path = "../../../List Characters/User Interface/View/FooterReusableView.swift"; sourceTree = "<group>"; };
		29BF4F021CC8591800C0194F /* CategoryRow.swift */ = {isa = PBXFileReference; fileEncoding = 4; lastKnownFileType = sourcecode.swift; path = CategoryRow.swift; sourceTree = "<group>"; };
		29BF4F041CC8CFF500C0194F /* MarvelFactory+Comics.swift */ = {isa = PBXFileReference; fileEncoding = 4; lastKnownFileType = sourcecode.swift; path = "MarvelFactory+Comics.swift"; sourceTree = "<group>"; };
		29BF4F071CC8D6DE00C0194F /* CharacterList.swift */ = {isa = PBXFileReference; fileEncoding = 4; lastKnownFileType = sourcecode.swift; path = CharacterList.swift; sourceTree = "<group>"; };
		29BF4F081CC8D6DE00C0194F /* Creator.swift */ = {isa = PBXFileReference; fileEncoding = 4; lastKnownFileType = sourcecode.swift; path = Creator.swift; sourceTree = "<group>"; };
		29BF4F091CC8D6DE00C0194F /* ComicData.swift */ = {isa = PBXFileReference; fileEncoding = 4; lastKnownFileType = sourcecode.swift; path = ComicData.swift; sourceTree = "<group>"; };
		29BF4F0A1CC8D6DE00C0194F /* Date.swift */ = {isa = PBXFileReference; fileEncoding = 4; lastKnownFileType = sourcecode.swift; path = Date.swift; sourceTree = "<group>"; };
		29BF4F0C1CC8D6DE00C0194F /* Image.swift */ = {isa = PBXFileReference; fileEncoding = 4; lastKnownFileType = sourcecode.swift; path = Image.swift; sourceTree = "<group>"; };
		29BF4F0E1CC8D6DE00C0194F /* Price.swift */ = {isa = PBXFileReference; fileEncoding = 4; lastKnownFileType = sourcecode.swift; path = Price.swift; sourceTree = "<group>"; };
		29BF4F0F1CC8D6DE00C0194F /* Comic.swift */ = {isa = PBXFileReference; fileEncoding = 4; lastKnownFileType = sourcecode.swift; path = Comic.swift; sourceTree = "<group>"; };
		29BF4F101CC8D6DE00C0194F /* ComicRootClass.swift */ = {isa = PBXFileReference; fileEncoding = 4; lastKnownFileType = sourcecode.swift; path = ComicRootClass.swift; sourceTree = "<group>"; };
		29BF4F111CC8D6DE00C0194F /* SeriesSummary.swift */ = {isa = PBXFileReference; fileEncoding = 4; lastKnownFileType = sourcecode.swift; path = SeriesSummary.swift; sourceTree = "<group>"; };
		29BF4F131CC8D6DE00C0194F /* TextObject.swift */ = {isa = PBXFileReference; fileEncoding = 4; lastKnownFileType = sourcecode.swift; path = TextObject.swift; sourceTree = "<group>"; };
		29BF4F251CC8E2E000C0194F /* ComicSummary.swift */ = {isa = PBXFileReference; fileEncoding = 4; lastKnownFileType = sourcecode.swift; path = ComicSummary.swift; sourceTree = "<group>"; };
		29BF4F271CC9463D00C0194F /* Catalog.swift */ = {isa = PBXFileReference; fileEncoding = 4; lastKnownFileType = sourcecode.swift; path = Catalog.swift; sourceTree = "<group>"; };
		29BF4F291CC9AB0600C0194F /* CharacterSectionCollectionViewCell.swift */ = {isa = PBXFileReference; fileEncoding = 4; lastKnownFileType = sourcecode.swift; path = CharacterSectionCollectionViewCell.swift; sourceTree = "<group>"; };
		29BF4F2B1CC9C0E000C0194F /* BaseRootClass.swift */ = {isa = PBXFileReference; fileEncoding = 4; lastKnownFileType = sourcecode.swift; path = BaseRootClass.swift; sourceTree = "<group>"; };
		29BF4F311CC9C34200C0194F /* SeriesData.swift */ = {isa = PBXFileReference; fileEncoding = 4; lastKnownFileType = sourcecode.swift; path = SeriesData.swift; sourceTree = "<group>"; };
		29BF4F341CC9C34200C0194F /* Series.swift */ = {isa = PBXFileReference; fileEncoding = 4; lastKnownFileType = sourcecode.swift; path = Series.swift; sourceTree = "<group>"; };
		29BF4F351CC9C34200C0194F /* SeriesRootClass.swift */ = {isa = PBXFileReference; fileEncoding = 4; lastKnownFileType = sourcecode.swift; path = SeriesRootClass.swift; sourceTree = "<group>"; };
		29BF4F441CC9C78300C0194F /* MarvelFactory+Series.swift */ = {isa = PBXFileReference; fileEncoding = 4; lastKnownFileType = sourcecode.swift; path = "MarvelFactory+Series.swift"; sourceTree = "<group>"; };
		29BF4F461CC9D0BF00C0194F /* UIImageEffects.swift */ = {isa = PBXFileReference; fileEncoding = 4; lastKnownFileType = sourcecode.swift; path = UIImageEffects.swift; sourceTree = "<group>"; };
		29BF4F481CCA2E0B00C0194F /* CharacterDetailsTopCellTableViewCell.swift */ = {isa = PBXFileReference; fileEncoding = 4; lastKnownFileType = sourcecode.swift; path = CharacterDetailsTopCellTableViewCell.swift; sourceTree = "<group>"; };
		29BF4F4B1CCA412A00C0194F /* ParallaxTableViewController.swift */ = {isa = PBXFileReference; fileEncoding = 4; lastKnownFileType = sourcecode.swift; path = ParallaxTableViewController.swift; sourceTree = "<group>"; };
		29BF4F4D1CCA54F200C0194F /* RelatedLinksTableViewCell.swift */ = {isa = PBXFileReference; fileEncoding = 4; lastKnownFileType = sourcecode.swift; path = RelatedLinksTableViewCell.swift; sourceTree = "<group>"; };
		29BF4F4F1CCA86F400C0194F /* String+ UppercaseFirst.swift */ = {isa = PBXFileReference; fileEncoding = 4; lastKnownFileType = sourcecode.swift; path = "String+ UppercaseFirst.swift"; sourceTree = "<group>"; };
		29BF4F551CCAC97D00C0194F /* StoriesData.swift */ = {isa = PBXFileReference; fileEncoding = 4; lastKnownFileType = sourcecode.swift; path = StoriesData.swift; sourceTree = "<group>"; };
		29BF4F581CCAC97D00C0194F /* OriginalIssue.swift */ = {isa = PBXFileReference; fileEncoding = 4; lastKnownFileType = sourcecode.swift; path = OriginalIssue.swift; sourceTree = "<group>"; };
		29BF4F591CCAC97D00C0194F /* Stories.swift */ = {isa = PBXFileReference; fileEncoding = 4; lastKnownFileType = sourcecode.swift; path = Stories.swift; sourceTree = "<group>"; };
		29BF4F5A1CCAC97D00C0194F /* StoriesRootClass.swift */ = {isa = PBXFileReference; fileEncoding = 4; lastKnownFileType = sourcecode.swift; path = StoriesRootClass.swift; sourceTree = "<group>"; };
		29BF4F661CCAD5DD00C0194F /* MarvelFactory+Story.swift */ = {isa = PBXFileReference; fileEncoding = 4; lastKnownFileType = sourcecode.swift; path = "MarvelFactory+Story.swift"; sourceTree = "<group>"; };
		29BF4F6C1CCAD85400C0194F /* EventsData.swift */ = {isa = PBXFileReference; fileEncoding = 4; lastKnownFileType = sourcecode.swift; path = EventsData.swift; sourceTree = "<group>"; };
		29BF4F6E1CCAD85400C0194F /* Next.swift */ = {isa = PBXFileReference; fileEncoding = 4; lastKnownFileType = sourcecode.swift; path = Next.swift; sourceTree = "<group>"; };
		29BF4F6F1CCAD85400C0194F /* Previou.swift */ = {isa = PBXFileReference; fileEncoding = 4; lastKnownFileType = sourcecode.swift; path = Previou.swift; sourceTree = "<group>"; };
		29BF4F701CCAD85400C0194F /* Events.swift */ = {isa = PBXFileReference; fileEncoding = 4; lastKnownFileType = sourcecode.swift; path = Events.swift; sourceTree = "<group>"; };
		29BF4F711CCAD85400C0194F /* EventsRootClass.swift */ = {isa = PBXFileReference; fileEncoding = 4; lastKnownFileType = sourcecode.swift; path = EventsRootClass.swift; sourceTree = "<group>"; };
		29BF4F831CCADBCD00C0194F /* MarvelFactory+Events.swift */ = {isa = PBXFileReference; fileEncoding = 4; lastKnownFileType = sourcecode.swift; path = "MarvelFactory+Events.swift"; sourceTree = "<group>"; };
		29E689F31CC433E6007211D8 /* AppDelegate.swift */ = {isa = PBXFileReference; fileEncoding = 4; lastKnownFileType = sourcecode.swift; path = AppDelegate.swift; sourceTree = "<group>"; };
		29E689F71CC43413007211D8 /* UIColor+Palette.swift */ = {isa = PBXFileReference; fileEncoding = 4; lastKnownFileType = sourcecode.swift; path = "UIColor+Palette.swift"; sourceTree = "<group>"; };
		29E689F81CC43413007211D8 /* UIImage+Decompression.swift */ = {isa = PBXFileReference; fileEncoding = 4; lastKnownFileType = sourcecode.swift; path = "UIImage+Decompression.swift"; sourceTree = "<group>"; };
		29E689FC1CC4341D007211D8 /* Inspiration.swift */ = {isa = PBXFileReference; fileEncoding = 4; lastKnownFileType = sourcecode.swift; path = Inspiration.swift; sourceTree = "<group>"; };
		29E689FD1CC4341D007211D8 /* Session.swift */ = {isa = PBXFileReference; fileEncoding = 4; lastKnownFileType = sourcecode.swift; path = Session.swift; sourceTree = "<group>"; };
		29E68A041CC43429007211D8 /* ListCharactersViewController.swift */ = {isa = PBXFileReference; fileEncoding = 4; lastKnownFileType = sourcecode.swift; path = ListCharactersViewController.swift; sourceTree = "<group>"; };
		29E68A051CC43429007211D8 /* SlidingMenuCell.swift */ = {isa = PBXFileReference; fileEncoding = 4; lastKnownFileType = sourcecode.swift; path = SlidingMenuCell.swift; sourceTree = "<group>"; };
		29E68A061CC43429007211D8 /* SlidingMenuLayout.swift */ = {isa = PBXFileReference; fileEncoding = 4; lastKnownFileType = sourcecode.swift; path = SlidingMenuLayout.swift; sourceTree = "<group>"; };
		29E68A0C1CC43434007211D8 /* AppConstants.swift */ = {isa = PBXFileReference; fileEncoding = 4; lastKnownFileType = sourcecode.swift; path = AppConstants.swift; sourceTree = "<group>"; };
		29F04D531CC18C2F0082AB14 /* Marvel.app */ = {isa = PBXFileReference; explicitFileType = wrapper.application; includeInIndex = 0; path = Marvel.app; sourceTree = BUILT_PRODUCTS_DIR; };
		29F04D5D1CC18C300082AB14 /* Base */ = {isa = PBXFileReference; lastKnownFileType = file.storyboard; name = Base; path = Base.lproj/Main.storyboard; sourceTree = "<group>"; };
		29F04D5F1CC18C300082AB14 /* Assets.xcassets */ = {isa = PBXFileReference; lastKnownFileType = folder.assetcatalog; name = Assets.xcassets; path = Marvel/Assets.xcassets; sourceTree = SOURCE_ROOT; };
		29F04D621CC18C300082AB14 /* Base */ = {isa = PBXFileReference; lastKnownFileType = file.storyboard; name = Base; path = Base.lproj/LaunchScreen.storyboard; sourceTree = "<group>"; };
		29F04D641CC18C300082AB14 /* Info.plist */ = {isa = PBXFileReference; lastKnownFileType = text.plist.xml; path = Info.plist; sourceTree = "<group>"; };
		29F04D691CC18C330082AB14 /* MarvelTests.xctest */ = {isa = PBXFileReference; explicitFileType = wrapper.cfbundle; includeInIndex = 0; path = MarvelTests.xctest; sourceTree = BUILT_PRODUCTS_DIR; };
		29F04D6D1CC18C330082AB14 /* MarvelTests.swift */ = {isa = PBXFileReference; lastKnownFileType = sourcecode.swift; path = MarvelTests.swift; sourceTree = "<group>"; };
		29F04D6F1CC18C330082AB14 /* Info.plist */ = {isa = PBXFileReference; lastKnownFileType = text.plist.xml; path = Info.plist; sourceTree = "<group>"; };
		29F04D741CC18C330082AB14 /* MarvelUITests.xctest */ = {isa = PBXFileReference; explicitFileType = wrapper.cfbundle; includeInIndex = 0; path = MarvelUITests.xctest; sourceTree = BUILT_PRODUCTS_DIR; };
		29F04D781CC18C330082AB14 /* MarvelUITests.swift */ = {isa = PBXFileReference; lastKnownFileType = sourcecode.swift; path = MarvelUITests.swift; sourceTree = "<group>"; };
		29F04D7A1CC18C330082AB14 /* Info.plist */ = {isa = PBXFileReference; lastKnownFileType = text.plist.xml; path = Info.plist; sourceTree = "<group>"; };
		65C4FBD20AB401635C549FF4 /* Pods_Marvel.framework */ = {isa = PBXFileReference; explicitFileType = wrapper.framework; includeInIndex = 0; path = Pods_Marvel.framework; sourceTree = BUILT_PRODUCTS_DIR; };
		A9E70EF478E0D4E03E1F363E /* Pods-Marvel.debug.xcconfig */ = {isa = PBXFileReference; includeInIndex = 1; lastKnownFileType = text.xcconfig; name = "Pods-Marvel.debug.xcconfig"; path = "Pods/Target Support Files/Pods-Marvel/Pods-Marvel.debug.xcconfig"; sourceTree = "<group>"; };
		ABD9059BE872BFE1BDA0944D /* Pods-Marvel.release.xcconfig */ = {isa = PBXFileReference; includeInIndex = 1; lastKnownFileType = text.xcconfig; name = "Pods-Marvel.release.xcconfig"; path = "Pods/Target Support Files/Pods-Marvel/Pods-Marvel.release.xcconfig"; sourceTree = "<group>"; };
/* End PBXFileReference section */

/* Begin PBXFrameworksBuildPhase section */
		29F04D501CC18C2F0082AB14 /* Frameworks */ = {
			isa = PBXFrameworksBuildPhase;
			buildActionMask = 2147483647;
			files = (
				5A5D806E4AC30E9DD5BDB323 /* Pods_Marvel.framework in Frameworks */,
			);
			runOnlyForDeploymentPostprocessing = 0;
		};
		29F04D661CC18C330082AB14 /* Frameworks */ = {
			isa = PBXFrameworksBuildPhase;
			buildActionMask = 2147483647;
			files = (
			);
			runOnlyForDeploymentPostprocessing = 0;
		};
		29F04D711CC18C330082AB14 /* Frameworks */ = {
			isa = PBXFrameworksBuildPhase;
			buildActionMask = 2147483647;
			files = (
			);
			runOnlyForDeploymentPostprocessing = 0;
		};
/* End PBXFrameworksBuildPhase section */

/* Begin PBXGroup section */
		294CA36F1CCE3C5B00518FEB /* Wireframe */ = {
			isa = PBXGroup;
			children = (
				294CA3701CCE3C8800518FEB /* ListWireframe.swift */,
			);
			path = Wireframe;
			sourceTree = "<group>";
		};
		294CA3731CCE3F9200518FEB /* Common */ = {
			isa = PBXGroup;
			children = (
				294CA3741CCE3F9F00518FEB /* View */,
			);
			path = Common;
			sourceTree = "<group>";
		};
		294CA3741CCE3F9F00518FEB /* View */ = {
			isa = PBXGroup;
			children = (
				294CA3751CCE3FC000518FEB /* RootWireframe.swift */,
			);
			path = View;
			sourceTree = "<group>";
		};
		294CA3771CCE622400518FEB /* AppDependencies */ = {
			isa = PBXGroup;
			children = (
				294CA3781CCE624D00518FEB /* AppDependencies.swift */,
			);
			path = AppDependencies;
			sourceTree = "<group>";
		};
		294CA37A1CCE85F100518FEB /* User Interface */ = {
			isa = PBXGroup;
			children = (
				294CA37B1CCE860B00518FEB /* Presenter */,
				294CA38B1CCE92F000518FEB /* View */,
				294CA3881CCE8A7200518FEB /* Wireframe */,
			);
			path = "User Interface";
			sourceTree = "<group>";
		};
		294CA37B1CCE860B00518FEB /* Presenter */ = {
			isa = PBXGroup;
			children = (
				294CA37C1CCE863100518FEB /* FilterPresenter.swift */,
			);
			path = Presenter;
			sourceTree = "<group>";
		};
		294CA37E1CCE868700518FEB /* Module Interface */ = {
			isa = PBXGroup;
			children = (
				294CA37F1CCE86B000518FEB /* FilterModuleInterface.swift */,
				294CA3961CCE98A400518FEB /* FilterModuleDelegateInterface.swift */,
			);
			path = "Module Interface";
			sourceTree = "<group>";
		};
		294CA3811CCE888600518FEB /* Application Logic */ = {
			isa = PBXGroup;
			children = (
				294CA3851CCE894400518FEB /* Interactor */,
			);
			path = "Application Logic";
			sourceTree = "<group>";
		};
		294CA3851CCE894400518FEB /* Interactor */ = {
			isa = PBXGroup;
			children = (
				294CA3861CCE895900518FEB /* FilterInteractor.swift */,
				294CA39B1CCED22600518FEB /* FilterInteractorIO.swift */,
			);
			path = Interactor;
			sourceTree = "<group>";
		};
		294CA3881CCE8A7200518FEB /* Wireframe */ = {
			isa = PBXGroup;
			children = (
				294CA3891CCE8AB300518FEB /* FilterWireframe.swift */,
			);
			path = Wireframe;
			sourceTree = "<group>";
		};
		294CA38B1CCE92F000518FEB /* View */ = {
			isa = PBXGroup;
			children = (
				294CA38D1CCE935B00518FEB /* FilterCharactersTableViewController.swift */,
				294CA38E1CCE935B00518FEB /* FilterTableViewCell.swift */,
				294CA39D1CCED42500518FEB /* FilterViewInterface.swift */,
			);
			path = View;
			sourceTree = "<group>";
		};
		294CA3981CCE9E1500518FEB /* Wireframe */ = {
			isa = PBXGroup;
			children = (
				294CA3991CCE9E6D00518FEB /* DetailsWireframe.swift */,
			);
			path = Wireframe;
			sourceTree = "<group>";
		};
		294CA39F1CCF02E600518FEB /* Application Logic */ = {
			isa = PBXGroup;
			children = (
				294CA3A01CCF030900518FEB /* Interactor */,
			);
			path = "Application Logic";
			sourceTree = "<group>";
		};
		294CA3A01CCF030900518FEB /* Interactor */ = {
			isa = PBXGroup;
			children = (
				294CA3A11CCF033B00518FEB /* DetailsInteractor.swift */,
				294CA3A31CCF036900518FEB /* DetailsInteractorIO.swift */,
			);
			path = Interactor;
			sourceTree = "<group>";
		};
		294CA3A51CCF040400518FEB /* Presenter */ = {
			isa = PBXGroup;
			children = (
				294CA3A61CCF042500518FEB /* DetailsPresenter.swift */,
			);
			path = Presenter;
			sourceTree = "<group>";
		};
		294CA3A81CCF045800518FEB /* Module Interface */ = {
			isa = PBXGroup;
			children = (
				294CA3A91CCF04D500518FEB /* DetailsModuleInterface.swift */,
			);
			path = "Module Interface";
			sourceTree = "<group>";
		};
		296F5AC01CC6FCE5000BA496 /* Application Logic */ = {
			isa = PBXGroup;
			children = (
				296F5AC11CC6FCFA000BA496 /* Interactor */,
			);
			path = "Application Logic";
			sourceTree = "<group>";
		};
		296F5AC11CC6FCFA000BA496 /* Interactor */ = {
			isa = PBXGroup;
			children = (
				296F5AC31CC6FF42000BA496 /* ListInteractor.swift */,
				296F5AC51CC6FF55000BA496 /* ListInteractorIO.swift */,
			);
			name = Interactor;
			sourceTree = "<group>";
		};
		296F5AC71CC7051D000BA496 /* Module Interface */ = {
			isa = PBXGroup;
			children = (
				296F5AC81CC7058B000BA496 /* ListModuleInterface.swift */,
			);
			path = "Module Interface";
			sourceTree = "<group>";
		};
		296F5ACA1CC7067D000BA496 /* Presenter */ = {
			isa = PBXGroup;
			children = (
				296F5ACB1CC70699000BA496 /* ListPresenter.swift */,
			);
			path = Presenter;
			sourceTree = "<group>";
		};
		296F5ACD1CC7CCCD000BA496 /* User Interface */ = {
			isa = PBXGroup;
			children = (
				294CA3A51CCF040400518FEB /* Presenter */,
				294CA3981CCE9E1500518FEB /* Wireframe */,
				296F5ACE1CC7CCDA000BA496 /* View */,
			);
			path = "User Interface";
			sourceTree = "<group>";
		};
		296F5ACE1CC7CCDA000BA496 /* View */ = {
			isa = PBXGroup;
			children = (
				29BF4F4A1CCA410200C0194F /* Parallex Transition */,
				29BF4EF21CC80A3B00C0194F /* MarvelHeroesDetailsTableViewController.swift */,
				29BF4F021CC8591800C0194F /* CategoryRow.swift */,
				29BF4F291CC9AB0600C0194F /* CharacterSectionCollectionViewCell.swift */,
				29BF4F481CCA2E0B00C0194F /* CharacterDetailsTopCellTableViewCell.swift */,
				29BF4F4D1CCA54F200C0194F /* RelatedLinksTableViewCell.swift */,
				29BF4F001CC8297400C0194F /* FooterReusableView.swift */,
				29A1E3261CCC18CA0091A72A /* CounterView.swift */,
				29AFFCE31CCF7E39002B9B40 /* DetailsViewInterface.swift */,
			);
			path = View;
			sourceTree = "<group>";
		};
		298923261CC50A5F00BCB5EE /* Client */ = {
			isa = PBXGroup;
			children = (
				2989232E1CC5133A00BCB5EE /* Networking.swift */,
			);
			path = Client;
			sourceTree = "<group>";
		};
		298923271CC50F1600BCB5EE /* Factory */ = {
			isa = PBXGroup;
			children = (
				298923281CC50F4D00BCB5EE /* MarvelFactory.swift */,
				2989232A1CC510D100BCB5EE /* MarvelFactory+Characters.swift */,
				29BF4F041CC8CFF500C0194F /* MarvelFactory+Comics.swift */,
				29BF4F441CC9C78300C0194F /* MarvelFactory+Series.swift */,
				29BF4F661CCAD5DD00C0194F /* MarvelFactory+Story.swift */,
				29BF4F831CCADBCD00C0194F /* MarvelFactory+Events.swift */,
			);
			path = Factory;
			sourceTree = "<group>";
		};
		29AFFCEF1CD0271A002B9B40 /* Testing Data */ = {
			isa = PBXGroup;
			children = (
				29AFFCF01CD027D2002B9B40 /* Characters.json */,
				29AFFCF71CD06EEE002B9B40 /* Comics.json */,
				29AFFCF91CD071AA002B9B40 /* Series.json */,
				29AFFCFB1CD07440002B9B40 /* Stories.json */,
				29AFFCFD1CD0750F002B9B40 /* Events.json */,
			);
			path = "Testing Data";
			sourceTree = "<group>";
		};
		29BF4F061CC8D66700C0194F /* CharachterComics */ = {
			isa = PBXGroup;
			children = (
				29BF4F071CC8D6DE00C0194F /* CharacterList.swift */,
				29BF4F081CC8D6DE00C0194F /* Creator.swift */,
				29BF4F091CC8D6DE00C0194F /* ComicData.swift */,
				29BF4F0A1CC8D6DE00C0194F /* Date.swift */,
				29BF4F0C1CC8D6DE00C0194F /* Image.swift */,
				29BF4F0E1CC8D6DE00C0194F /* Price.swift */,
				29BF4F0F1CC8D6DE00C0194F /* Comic.swift */,
				29BF4F101CC8D6DE00C0194F /* ComicRootClass.swift */,
				29BF4F111CC8D6DE00C0194F /* SeriesSummary.swift */,
				29BF4F131CC8D6DE00C0194F /* TextObject.swift */,
				29BF4F251CC8E2E000C0194F /* ComicSummary.swift */,
			);
			path = CharachterComics;
			sourceTree = "<group>";
		};
		29BF4F2D1CC9C2C400C0194F /* Charachter Series */ = {
			isa = PBXGroup;
			children = (
				29BF4F311CC9C34200C0194F /* SeriesData.swift */,
				29BF4F341CC9C34200C0194F /* Series.swift */,
				29BF4F351CC9C34200C0194F /* SeriesRootClass.swift */,
			);
			path = "Charachter Series";
			sourceTree = "<group>";
		};
		29BF4F4A1CCA410200C0194F /* Parallex Transition */ = {
			isa = PBXGroup;
			children = (
				29BF4F4B1CCA412A00C0194F /* ParallaxTableViewController.swift */,
			);
			name = "Parallex Transition";
			sourceTree = "<group>";
		};
		29BF4F511CCAC7E600C0194F /* Character Stories */ = {
			isa = PBXGroup;
			children = (
				29BF4F551CCAC97D00C0194F /* StoriesData.swift */,
				29BF4F581CCAC97D00C0194F /* OriginalIssue.swift */,
				29BF4F591CCAC97D00C0194F /* Stories.swift */,
				29BF4F5A1CCAC97D00C0194F /* StoriesRootClass.swift */,
			);
			path = "Character Stories";
			sourceTree = "<group>";
		};
		29BF4F681CCAD7BC00C0194F /* Character Events */ = {
			isa = PBXGroup;
			children = (
				29BF4F6C1CCAD85400C0194F /* EventsData.swift */,
				29BF4F6E1CCAD85400C0194F /* Next.swift */,
				29BF4F6F1CCAD85400C0194F /* Previou.swift */,
				29BF4F701CCAD85400C0194F /* Events.swift */,
				29BF4F711CCAD85400C0194F /* EventsRootClass.swift */,
			);
			path = "Character Events";
			sourceTree = "<group>";
		};
		29C1613E1CCC700000C595B1 /* Filter Characters */ = {
			isa = PBXGroup;
			children = (
				294CA3811CCE888600518FEB /* Application Logic */,
				294CA37E1CCE868700518FEB /* Module Interface */,
				294CA37A1CCE85F100518FEB /* User Interface */,
			);
			path = "Filter Characters";
			sourceTree = "<group>";
		};
		29E689F21CC433E6007211D8 /* AppDelegate */ = {
			isa = PBXGroup;
			children = (
				29E689F31CC433E6007211D8 /* AppDelegate.swift */,
			);
			path = AppDelegate;
			sourceTree = "<group>";
		};
		29E689F51CC433FA007211D8 /* Storyboards */ = {
			isa = PBXGroup;
			children = (
				29F04D5C1CC18C300082AB14 /* Main.storyboard */,
				29F04D611CC18C300082AB14 /* LaunchScreen.storyboard */,
			);
			name = Storyboards;
			sourceTree = "<group>";
		};
		29E689F61CC43413007211D8 /* Extensions */ = {
			isa = PBXGroup;
			children = (
				29E689F71CC43413007211D8 /* UIColor+Palette.swift */,
				29E689F81CC43413007211D8 /* UIImage+Decompression.swift */,
				29BF4F461CC9D0BF00C0194F /* UIImageEffects.swift */,
				29BF4F4F1CCA86F400C0194F /* String+ UppercaseFirst.swift */,
			);
			path = Extensions;
			sourceTree = "<group>";
		};
		29E689FB1CC4341D007211D8 /* Models */ = {
			isa = PBXGroup;
			children = (
				29BF4F271CC9463D00C0194F /* Catalog.swift */,
				29BF4F681CCAD7BC00C0194F /* Character Events */,
				29BF4F511CCAC7E600C0194F /* Character Stories */,
				29BF4F2D1CC9C2C400C0194F /* Charachter Series */,
				29BF4F061CC8D66700C0194F /* CharachterComics */,
				298923461CC5177400BCB5EE /* ComicList.swift */,
				298923471CC5177400BCB5EE /* Data.swift */,
				298923481CC5177400BCB5EE /* Event.swift */,
				298923491CC5177400BCB5EE /* Item.swift */,
				2989234A1CC5177400BCB5EE /* Character.swift */,
				2989234B1CC5177400BCB5EE /* RootClass.swift */,
				2989234C1CC5177400BCB5EE /* Serie.swift */,
				2989234D1CC5177400BCB5EE /* Storie.swift */,
				2989234E1CC5177400BCB5EE /* Thumbnail.swift */,
				2989234F1CC5177400BCB5EE /* Url.swift */,
				29E689FC1CC4341D007211D8 /* Inspiration.swift */,
				29E689FD1CC4341D007211D8 /* Session.swift */,
				29BF4F2B1CC9C0E000C0194F /* BaseRootClass.swift */,
			);
			path = Models;
			sourceTree = "<group>";
		};
		29E68A001CC43429007211D8 /* Modules */ = {
			isa = PBXGroup;
			children = (
				29C1613E1CCC700000C595B1 /* Filter Characters */,
				29E68A151CC43B06007211D8 /* Characters Details */,
				29E68A011CC43429007211D8 /* List Characters */,
			);
			path = Modules;
			sourceTree = "<group>";
		};
		29E68A011CC43429007211D8 /* List Characters */ = {
			isa = PBXGroup;
			children = (
				296F5AC01CC6FCE5000BA496 /* Application Logic */,
				296F5AC71CC7051D000BA496 /* Module Interface */,
				29E68A021CC43429007211D8 /* User Interface */,
			);
			path = "List Characters";
			sourceTree = "<group>";
		};
		29E68A021CC43429007211D8 /* User Interface */ = {
			isa = PBXGroup;
			children = (
				296F5ACA1CC7067D000BA496 /* Presenter */,
				29E68A031CC43429007211D8 /* View */,
				294CA36F1CCE3C5B00518FEB /* Wireframe */,
			);
			path = "User Interface";
			sourceTree = "<group>";
		};
		29E68A031CC43429007211D8 /* View */ = {
			isa = PBXGroup;
			children = (
				29E68A041CC43429007211D8 /* ListCharactersViewController.swift */,
				29E68A051CC43429007211D8 /* SlidingMenuCell.swift */,
				29E68A061CC43429007211D8 /* SlidingMenuLayout.swift */,
				294CA36D1CCE3AB200518FEB /* ListViewInterface.swift */,
			);
			path = View;
			sourceTree = "<group>";
		};
		29E68A0A1CC43434007211D8 /* Utility */ = {
			isa = PBXGroup;
			children = (
				29E68A0B1CC43434007211D8 /* AppConstants */,
			);
			path = Utility;
			sourceTree = "<group>";
		};
		29E68A0B1CC43434007211D8 /* AppConstants */ = {
			isa = PBXGroup;
			children = (
				29E68A0C1CC43434007211D8 /* AppConstants.swift */,
			);
			path = AppConstants;
			sourceTree = "<group>";
		};
		29E68A0E1CC4344C007211D8 /* Marvel Base */ = {
			isa = PBXGroup;
			children = (
				29E68A0F1CC4344D007211D8 /* Networking */,
			);
			path = "Marvel Base";
			sourceTree = "<group>";
		};
		29E68A0F1CC4344D007211D8 /* Networking */ = {
			isa = PBXGroup;
			children = (
				298923271CC50F1600BCB5EE /* Factory */,
				298923261CC50A5F00BCB5EE /* Client */,
				298923221CC4F6B000BCB5EE /* MarvelGateway.swift */,
			);
			path = Networking;
			sourceTree = "<group>";
		};
		29E68A101CC4349C007211D8 /* Assets */ = {
			isa = PBXGroup;
			children = (
				29F04D5F1CC18C300082AB14 /* Assets.xcassets */,
			);
			path = Assets;
			sourceTree = "<group>";
		};
		29E68A151CC43B06007211D8 /* Characters Details */ = {
			isa = PBXGroup;
			children = (
				294CA39F1CCF02E600518FEB /* Application Logic */,
				294CA3A81CCF045800518FEB /* Module Interface */,
				296F5ACD1CC7CCCD000BA496 /* User Interface */,
			);
			path = "Characters Details";
			sourceTree = "<group>";
		};
		29F04D4A1CC18C2F0082AB14 = {
			isa = PBXGroup;
			children = (
				29F04D551CC18C300082AB14 /* Marvel */,
				29F04D6C1CC18C330082AB14 /* MarvelTests */,
				29F04D771CC18C330082AB14 /* MarvelUITests */,
				29F04D541CC18C2F0082AB14 /* Products */,
				45BA968AAB7955469E67EFAE /* Pods */,
				7A807467612E2D5885C8592B /* Frameworks */,
			);
			sourceTree = "<group>";
		};
		29F04D541CC18C2F0082AB14 /* Products */ = {
			isa = PBXGroup;
			children = (
				29F04D531CC18C2F0082AB14 /* Marvel.app */,
				29F04D691CC18C330082AB14 /* MarvelTests.xctest */,
				29F04D741CC18C330082AB14 /* MarvelUITests.xctest */,
			);
			name = Products;
			sourceTree = "<group>";
		};
		29F04D551CC18C300082AB14 /* Marvel */ = {
			isa = PBXGroup;
			children = (
				294CA3771CCE622400518FEB /* AppDependencies */,
				294CA3731CCE3F9200518FEB /* Common */,
				29E689F21CC433E6007211D8 /* AppDelegate */,
				29E689F51CC433FA007211D8 /* Storyboards */,
				29E689F61CC43413007211D8 /* Extensions */,
				29E689FB1CC4341D007211D8 /* Models */,
				29E68A101CC4349C007211D8 /* Assets */,
				29E68A0A1CC43434007211D8 /* Utility */,
				29E68A0E1CC4344C007211D8 /* Marvel Base */,
				29E68A001CC43429007211D8 /* Modules */,
				29F04D641CC18C300082AB14 /* Info.plist */,
			);
			path = Marvel;
			sourceTree = "<group>";
		};
		29F04D6C1CC18C330082AB14 /* MarvelTests */ = {
			isa = PBXGroup;
			children = (
				29AFFCEF1CD0271A002B9B40 /* Testing Data */,
				29F04D6D1CC18C330082AB14 /* MarvelTests.swift */,
				29F04D6F1CC18C330082AB14 /* Info.plist */,
				298EE3471CC5C564008AE608 /* MarvelAuthenticationTests.swift */,
				29AFFCE51CCFF2EA002B9B40 /* ListInteractorTests.swift */,
				29AFFCE71CD0090E002B9B40 /* ListViewTests.swift */,
				29AFFCE91CD01C6D002B9B40 /* FilterInteractorTests.swift */,
				29AFFCEB1CD020D5002B9B40 /* DetailsInteractorTests.swift */,
				29AFFCED1CD026FC002B9B40 /* ListPresenterTests.swift */,
				29AFFCF21CD068E5002B9B40 /* FilterPresenterTests.swift */,
				29AFFCF41CD06D03002B9B40 /* DetailsPresenterTests.swift */,
			);
			path = MarvelTests;
			sourceTree = "<group>";
		};
		29F04D771CC18C330082AB14 /* MarvelUITests */ = {
			isa = PBXGroup;
			children = (
				29F04D781CC18C330082AB14 /* MarvelUITests.swift */,
				29F04D7A1CC18C330082AB14 /* Info.plist */,
			);
			path = MarvelUITests;
			sourceTree = "<group>";
		};
		45BA968AAB7955469E67EFAE /* Pods */ = {
			isa = PBXGroup;
			children = (
				A9E70EF478E0D4E03E1F363E /* Pods-Marvel.debug.xcconfig */,
				ABD9059BE872BFE1BDA0944D /* Pods-Marvel.release.xcconfig */,
			);
			name = Pods;
			sourceTree = "<group>";
		};
		7A807467612E2D5885C8592B /* Frameworks */ = {
			isa = PBXGroup;
			children = (
				2989235A1CC5408700BCB5EE /* libcommonCrypto.tbd */,
				65C4FBD20AB401635C549FF4 /* Pods_Marvel.framework */,
			);
			name = Frameworks;
			sourceTree = "<group>";
		};
/* End PBXGroup section */

/* Begin PBXNativeTarget section */
		29F04D521CC18C2F0082AB14 /* Marvel */ = {
			isa = PBXNativeTarget;
			buildConfigurationList = 29F04D7D1CC18C330082AB14 /* Build configuration list for PBXNativeTarget "Marvel" */;
			buildPhases = (
				BED08DB874B5A2F2DEB696A9 /* Check Pods Manifest.lock */,
				29F04D4F1CC18C2F0082AB14 /* Sources */,
				29F04D501CC18C2F0082AB14 /* Frameworks */,
				29F04D511CC18C2F0082AB14 /* Resources */,
				6D6C032B648D87CB9F3C2B05 /* Embed Pods Frameworks */,
				8B76F7D19D35CDD35EADE83E /* Copy Pods Resources */,
			);
			buildRules = (
			);
			dependencies = (
			);
			name = Marvel;
			productName = Marvel;
			productReference = 29F04D531CC18C2F0082AB14 /* Marvel.app */;
			productType = "com.apple.product-type.application";
		};
		29F04D681CC18C330082AB14 /* MarvelTests */ = {
			isa = PBXNativeTarget;
			buildConfigurationList = 29F04D801CC18C330082AB14 /* Build configuration list for PBXNativeTarget "MarvelTests" */;
			buildPhases = (
				29F04D651CC18C330082AB14 /* Sources */,
				29F04D661CC18C330082AB14 /* Frameworks */,
				29F04D671CC18C330082AB14 /* Resources */,
			);
			buildRules = (
			);
			dependencies = (
				29F04D6B1CC18C330082AB14 /* PBXTargetDependency */,
			);
			name = MarvelTests;
			productName = MarvelTests;
			productReference = 29F04D691CC18C330082AB14 /* MarvelTests.xctest */;
			productType = "com.apple.product-type.bundle.unit-test";
		};
		29F04D731CC18C330082AB14 /* MarvelUITests */ = {
			isa = PBXNativeTarget;
			buildConfigurationList = 29F04D831CC18C330082AB14 /* Build configuration list for PBXNativeTarget "MarvelUITests" */;
			buildPhases = (
				29F04D701CC18C330082AB14 /* Sources */,
				29F04D711CC18C330082AB14 /* Frameworks */,
				29F04D721CC18C330082AB14 /* Resources */,
			);
			buildRules = (
			);
			dependencies = (
				29F04D761CC18C330082AB14 /* PBXTargetDependency */,
			);
			name = MarvelUITests;
			productName = MarvelUITests;
			productReference = 29F04D741CC18C330082AB14 /* MarvelUITests.xctest */;
			productType = "com.apple.product-type.bundle.ui-testing";
		};
/* End PBXNativeTarget section */

/* Begin PBXProject section */
		29F04D4B1CC18C2F0082AB14 /* Project object */ = {
			isa = PBXProject;
			attributes = {
				LastSwiftUpdateCheck = 0720;
				LastUpgradeCheck = 0720;
				ORGANIZATIONNAME = smapps;
				TargetAttributes = {
					29F04D521CC18C2F0082AB14 = {
						CreatedOnToolsVersion = 7.2;
					};
					29F04D681CC18C330082AB14 = {
						CreatedOnToolsVersion = 7.2;
						TestTargetID = 29F04D521CC18C2F0082AB14;
					};
					29F04D731CC18C330082AB14 = {
						CreatedOnToolsVersion = 7.2;
						TestTargetID = 29F04D521CC18C2F0082AB14;
					};
				};
			};
			buildConfigurationList = 29F04D4E1CC18C2F0082AB14 /* Build configuration list for PBXProject "Marvel" */;
			compatibilityVersion = "Xcode 3.2";
			developmentRegion = English;
			hasScannedForEncodings = 0;
			knownRegions = (
				en,
				Base,
			);
			mainGroup = 29F04D4A1CC18C2F0082AB14;
			productRefGroup = 29F04D541CC18C2F0082AB14 /* Products */;
			projectDirPath = "";
			projectRoot = "";
			targets = (
				29F04D521CC18C2F0082AB14 /* Marvel */,
				29F04D681CC18C330082AB14 /* MarvelTests */,
				29F04D731CC18C330082AB14 /* MarvelUITests */,
			);
		};
/* End PBXProject section */

/* Begin PBXResourcesBuildPhase section */
		29F04D511CC18C2F0082AB14 /* Resources */ = {
			isa = PBXResourcesBuildPhase;
			buildActionMask = 2147483647;
			files = (
				29F04D631CC18C300082AB14 /* LaunchScreen.storyboard in Resources */,
				29F04D601CC18C300082AB14 /* Assets.xcassets in Resources */,
				29F04D5E1CC18C300082AB14 /* Main.storyboard in Resources */,
			);
			runOnlyForDeploymentPostprocessing = 0;
		};
		29F04D671CC18C330082AB14 /* Resources */ = {
			isa = PBXResourcesBuildPhase;
			buildActionMask = 2147483647;
			files = (
				29AFFCFC1CD07440002B9B40 /* Stories.json in Resources */,
				29AFFCF81CD06EEE002B9B40 /* Comics.json in Resources */,
				29AFFCFA1CD071AA002B9B40 /* Series.json in Resources */,
				29AFFCF11CD027D2002B9B40 /* Characters.json in Resources */,
				29AFFCFE1CD0750F002B9B40 /* Events.json in Resources */,
			);
			runOnlyForDeploymentPostprocessing = 0;
		};
		29F04D721CC18C330082AB14 /* Resources */ = {
			isa = PBXResourcesBuildPhase;
			buildActionMask = 2147483647;
			files = (
			);
			runOnlyForDeploymentPostprocessing = 0;
		};
/* End PBXResourcesBuildPhase section */

/* Begin PBXShellScriptBuildPhase section */
		6D6C032B648D87CB9F3C2B05 /* Embed Pods Frameworks */ = {
			isa = PBXShellScriptBuildPhase;
			buildActionMask = 2147483647;
			files = (
			);
			inputPaths = (
			);
			name = "Embed Pods Frameworks";
			outputPaths = (
			);
			runOnlyForDeploymentPostprocessing = 0;
			shellPath = /bin/sh;
			shellScript = "\"${SRCROOT}/Pods/Target Support Files/Pods-Marvel/Pods-Marvel-frameworks.sh\"\n";
			showEnvVarsInLog = 0;
		};
		8B76F7D19D35CDD35EADE83E /* Copy Pods Resources */ = {
			isa = PBXShellScriptBuildPhase;
			buildActionMask = 2147483647;
			files = (
			);
			inputPaths = (
			);
			name = "Copy Pods Resources";
			outputPaths = (
			);
			runOnlyForDeploymentPostprocessing = 0;
			shellPath = /bin/sh;
			shellScript = "\"${SRCROOT}/Pods/Target Support Files/Pods-Marvel/Pods-Marvel-resources.sh\"\n";
			showEnvVarsInLog = 0;
		};
		BED08DB874B5A2F2DEB696A9 /* Check Pods Manifest.lock */ = {
			isa = PBXShellScriptBuildPhase;
			buildActionMask = 2147483647;
			files = (
			);
			inputPaths = (
			);
			name = "Check Pods Manifest.lock";
			outputPaths = (
			);
			runOnlyForDeploymentPostprocessing = 0;
			shellPath = /bin/sh;
			shellScript = "diff \"${PODS_ROOT}/../Podfile.lock\" \"${PODS_ROOT}/Manifest.lock\" > /dev/null\nif [[ $? != 0 ]] ; then\n    cat << EOM\nerror: The sandbox is not in sync with the Podfile.lock. Run 'pod install' or update your CocoaPods installation.\nEOM\n    exit 1\nfi\n";
			showEnvVarsInLog = 0;
		};
/* End PBXShellScriptBuildPhase section */

/* Begin PBXSourcesBuildPhase section */
		29F04D4F1CC18C2F0082AB14 /* Sources */ = {
			isa = PBXSourcesBuildPhase;
			buildActionMask = 2147483647;
			files = (
				29E68A081CC43429007211D8 /* SlidingMenuCell.swift in Sources */,
				29BF4EF31CC80A3B00C0194F /* MarvelHeroesDetailsTableViewController.swift in Sources */,
				294CA39A1CCE9E6D00518FEB /* DetailsWireframe.swift in Sources */,
				29BF4F621CCAC97E00C0194F /* OriginalIssue.swift in Sources */,
				29BF4F1D1CC8D6DE00C0194F /* Price.swift in Sources */,
				29BF4F7E1CCAD85400C0194F /* EventsRootClass.swift in Sources */,
				29E68A0D1CC43434007211D8 /* AppConstants.swift in Sources */,
				298923311CC5133A00BCB5EE /* Networking.swift in Sources */,
				294CA38A1CCE8AB300518FEB /* FilterWireframe.swift in Sources */,
				296F5ACC1CC70699000BA496 /* ListPresenter.swift in Sources */,
				29BF4F401CC9C34200C0194F /* SeriesRootClass.swift in Sources */,
				296F5AC91CC7058B000BA496 /* ListModuleInterface.swift in Sources */,
				29BF4F4C1CCA412A00C0194F /* ParallaxTableViewController.swift in Sources */,
				29BF4F791CCAD85400C0194F /* EventsData.swift in Sources */,
				294CA3AA1CCF04D500518FEB /* DetailsModuleInterface.swift in Sources */,
				298923551CC5177400BCB5EE /* RootClass.swift in Sources */,
				29E68A071CC43429007211D8 /* ListCharactersViewController.swift in Sources */,
				29BF4F1E1CC8D6DE00C0194F /* Comic.swift in Sources */,
				29BF4F031CC8591800C0194F /* CategoryRow.swift in Sources */,
				29BF4F5F1CCAC97E00C0194F /* StoriesData.swift in Sources */,
				294CA3931CCE935B00518FEB /* FilterTableViewCell.swift in Sources */,
				29E689FA1CC43413007211D8 /* UIImage+Decompression.swift in Sources */,
				29BF4F2A1CC9AB0600C0194F /* CharacterSectionCollectionViewCell.swift in Sources */,
				29BF4F051CC8CFF500C0194F /* MarvelFactory+Comics.swift in Sources */,
				29BF4F671CCAD5DE00C0194F /* MarvelFactory+Story.swift in Sources */,
				298923531CC5177400BCB5EE /* Item.swift in Sources */,
				29BF4F4E1CCA54F200C0194F /* RelatedLinksTableViewCell.swift in Sources */,
				29BF4F1B1CC8D6DE00C0194F /* Image.swift in Sources */,
				29E68A091CC43429007211D8 /* SlidingMenuLayout.swift in Sources */,
				298923561CC5177400BCB5EE /* Serie.swift in Sources */,
				29BF4F171CC8D6DE00C0194F /* Creator.swift in Sources */,
				294CA39E1CCED42500518FEB /* FilterViewInterface.swift in Sources */,
				29BF4F471CC9D0BF00C0194F /* UIImageEffects.swift in Sources */,
				29E689F41CC433E6007211D8 /* AppDelegate.swift in Sources */,
				29AFFCE41CCF7E39002B9B40 /* DetailsViewInterface.swift in Sources */,
				296F5AC41CC6FF42000BA496 /* ListInteractor.swift in Sources */,
				29E689FE1CC4341D007211D8 /* Inspiration.swift in Sources */,
				294CA3921CCE935B00518FEB /* FilterCharactersTableViewController.swift in Sources */,
				29BF4F221CC8D6DE00C0194F /* TextObject.swift in Sources */,
				294CA3A41CCF036900518FEB /* DetailsInteractorIO.swift in Sources */,
				29BF4F7C1CCAD85400C0194F /* Previou.swift in Sources */,
				29E689FF1CC4341D007211D8 /* Session.swift in Sources */,
				298923511CC5177400BCB5EE /* Data.swift in Sources */,
				29BF4F281CC9463D00C0194F /* Catalog.swift in Sources */,
				298923541CC5177400BCB5EE /* Character.swift in Sources */,
				294CA3871CCE895900518FEB /* FilterInteractor.swift in Sources */,
				29BF4F201CC8D6DE00C0194F /* SeriesSummary.swift in Sources */,
				294CA36E1CCE3AB200518FEB /* ListViewInterface.swift in Sources */,
				2989232B1CC510D100BCB5EE /* MarvelFactory+Characters.swift in Sources */,
				296F5AC61CC6FF55000BA496 /* ListInteractorIO.swift in Sources */,
				298923291CC50F4D00BCB5EE /* MarvelFactory.swift in Sources */,
				29BF4F161CC8D6DE00C0194F /* CharacterList.swift in Sources */,
				294CA3761CCE3FC000518FEB /* RootWireframe.swift in Sources */,
				29BF4F7D1CCAD85400C0194F /* Events.swift in Sources */,
				29BF4F451CC9C78300C0194F /* MarvelFactory+Series.swift in Sources */,
				294CA3711CCE3C8800518FEB /* ListWireframe.swift in Sources */,
				29BF4F7B1CCAD85400C0194F /* Next.swift in Sources */,
				29E689F91CC43413007211D8 /* UIColor+Palette.swift in Sources */,
				298923501CC5177400BCB5EE /* ComicList.swift in Sources */,
				294CA3801CCE86B000518FEB /* FilterModuleInterface.swift in Sources */,
				298923591CC5177400BCB5EE /* Url.swift in Sources */,
				29BF4F491CCA2E0B00C0194F /* CharacterDetailsTopCellTableViewCell.swift in Sources */,
				298923581CC5177400BCB5EE /* Thumbnail.swift in Sources */,
				29BF4F261CC8E2E000C0194F /* ComicSummary.swift in Sources */,
				29BF4F2C1CC9C0E000C0194F /* BaseRootClass.swift in Sources */,
				29BF4F631CCAC97E00C0194F /* Stories.swift in Sources */,
				29BF4F641CCAC97E00C0194F /* StoriesRootClass.swift in Sources */,
				29BF4F841CCADBCD00C0194F /* MarvelFactory+Events.swift in Sources */,
				29A1E3271CCC18CA0091A72A /* CounterView.swift in Sources */,
				29BF4F011CC8297400C0194F /* FooterReusableView.swift in Sources */,
				29BF4F3F1CC9C34200C0194F /* Series.swift in Sources */,
				29BF4F3C1CC9C34200C0194F /* SeriesData.swift in Sources */,
				294CA3971CCE98A400518FEB /* FilterModuleDelegateInterface.swift in Sources */,
				298923521CC5177400BCB5EE /* Event.swift in Sources */,
				294CA3A21CCF033B00518FEB /* DetailsInteractor.swift in Sources */,
				29BF4F1F1CC8D6DE00C0194F /* ComicRootClass.swift in Sources */,
				29BF4F181CC8D6DE00C0194F /* ComicData.swift in Sources */,
				294CA3A71CCF042500518FEB /* DetailsPresenter.swift in Sources */,
				294CA39C1CCED22600518FEB /* FilterInteractorIO.swift in Sources */,
				298923231CC4F6B000BCB5EE /* MarvelGateway.swift in Sources */,
				29BF4F501CCA86F400C0194F /* String+ UppercaseFirst.swift in Sources */,
				294CA3791CCE624D00518FEB /* AppDependencies.swift in Sources */,
				29BF4F191CC8D6DE00C0194F /* Date.swift in Sources */,
				294CA37D1CCE863100518FEB /* FilterPresenter.swift in Sources */,
				298923571CC5177400BCB5EE /* Storie.swift in Sources */,
			);
			runOnlyForDeploymentPostprocessing = 0;
		};
		29F04D651CC18C330082AB14 /* Sources */ = {
			isa = PBXSourcesBuildPhase;
			buildActionMask = 2147483647;
			files = (
				29AFFCEA1CD01C6D002B9B40 /* FilterInteractorTests.swift in Sources */,
				29AFFCE81CD0090E002B9B40 /* ListViewTests.swift in Sources */,
				298EE3481CC5C564008AE608 /* MarvelAuthenticationTests.swift in Sources */,
				29AFFCE61CCFF2EA002B9B40 /* ListInteractorTests.swift in Sources */,
				29AFFCEE1CD026FC002B9B40 /* ListPresenterTests.swift in Sources */,
				29AFFCF51CD06D03002B9B40 /* DetailsPresenterTests.swift in Sources */,
				29F04D6E1CC18C330082AB14 /* MarvelTests.swift in Sources */,
				29AFFCF31CD068E5002B9B40 /* FilterPresenterTests.swift in Sources */,
				29AFFCEC1CD020D5002B9B40 /* DetailsInteractorTests.swift in Sources */,
			);
			runOnlyForDeploymentPostprocessing = 0;
		};
		29F04D701CC18C330082AB14 /* Sources */ = {
			isa = PBXSourcesBuildPhase;
			buildActionMask = 2147483647;
			files = (
				29F04D791CC18C330082AB14 /* MarvelUITests.swift in Sources */,
			);
			runOnlyForDeploymentPostprocessing = 0;
		};
/* End PBXSourcesBuildPhase section */

/* Begin PBXTargetDependency section */
		29F04D6B1CC18C330082AB14 /* PBXTargetDependency */ = {
			isa = PBXTargetDependency;
			target = 29F04D521CC18C2F0082AB14 /* Marvel */;
			targetProxy = 29F04D6A1CC18C330082AB14 /* PBXContainerItemProxy */;
		};
		29F04D761CC18C330082AB14 /* PBXTargetDependency */ = {
			isa = PBXTargetDependency;
			target = 29F04D521CC18C2F0082AB14 /* Marvel */;
			targetProxy = 29F04D751CC18C330082AB14 /* PBXContainerItemProxy */;
		};
/* End PBXTargetDependency section */

/* Begin PBXVariantGroup section */
		29F04D5C1CC18C300082AB14 /* Main.storyboard */ = {
			isa = PBXVariantGroup;
			children = (
				29F04D5D1CC18C300082AB14 /* Base */,
			);
			name = Main.storyboard;
			sourceTree = "<group>";
		};
		29F04D611CC18C300082AB14 /* LaunchScreen.storyboard */ = {
			isa = PBXVariantGroup;
			children = (
				29F04D621CC18C300082AB14 /* Base */,
			);
			name = LaunchScreen.storyboard;
			sourceTree = "<group>";
		};
/* End PBXVariantGroup section */

/* Begin XCBuildConfiguration section */
		29F04D7B1CC18C330082AB14 /* Debug */ = {
			isa = XCBuildConfiguration;
			buildSettings = {
				ALWAYS_SEARCH_USER_PATHS = NO;
				CLANG_CXX_LANGUAGE_STANDARD = "gnu++0x";
				CLANG_CXX_LIBRARY = "libc++";
				CLANG_ENABLE_MODULES = YES;
				CLANG_ENABLE_OBJC_ARC = YES;
				CLANG_WARN_BOOL_CONVERSION = YES;
				CLANG_WARN_CONSTANT_CONVERSION = YES;
				CLANG_WARN_DIRECT_OBJC_ISA_USAGE = YES_ERROR;
				CLANG_WARN_EMPTY_BODY = YES;
				CLANG_WARN_ENUM_CONVERSION = YES;
				CLANG_WARN_INT_CONVERSION = YES;
				CLANG_WARN_OBJC_ROOT_CLASS = YES_ERROR;
				CLANG_WARN_UNREACHABLE_CODE = YES;
				CLANG_WARN__DUPLICATE_METHOD_MATCH = YES;
				"CODE_SIGN_IDENTITY[sdk=iphoneos*]" = "iPhone Developer";
				COPY_PHASE_STRIP = NO;
				DEBUG_INFORMATION_FORMAT = dwarf;
				ENABLE_STRICT_OBJC_MSGSEND = YES;
				ENABLE_TESTABILITY = YES;
				GCC_C_LANGUAGE_STANDARD = gnu99;
				GCC_DYNAMIC_NO_PIC = NO;
				GCC_NO_COMMON_BLOCKS = YES;
				GCC_OPTIMIZATION_LEVEL = 0;
				GCC_PREPROCESSOR_DEFINITIONS = (
					"DEBUG=1",
					"$(inherited)",
				);
				GCC_WARN_64_TO_32_BIT_CONVERSION = YES;
				GCC_WARN_ABOUT_RETURN_TYPE = YES_ERROR;
				GCC_WARN_UNDECLARED_SELECTOR = YES;
				GCC_WARN_UNINITIALIZED_AUTOS = YES_AGGRESSIVE;
				GCC_WARN_UNUSED_FUNCTION = YES;
				GCC_WARN_UNUSED_VARIABLE = YES;
				IPHONEOS_DEPLOYMENT_TARGET = 9.2;
				MTL_ENABLE_DEBUG_INFO = YES;
				ONLY_ACTIVE_ARCH = YES;
				SDKROOT = iphoneos;
				SWIFT_OPTIMIZATION_LEVEL = "-Onone";
			};
			name = Debug;
		};
		29F04D7C1CC18C330082AB14 /* Release */ = {
			isa = XCBuildConfiguration;
			buildSettings = {
				ALWAYS_SEARCH_USER_PATHS = NO;
				CLANG_CXX_LANGUAGE_STANDARD = "gnu++0x";
				CLANG_CXX_LIBRARY = "libc++";
				CLANG_ENABLE_MODULES = YES;
				CLANG_ENABLE_OBJC_ARC = YES;
				CLANG_WARN_BOOL_CONVERSION = YES;
				CLANG_WARN_CONSTANT_CONVERSION = YES;
				CLANG_WARN_DIRECT_OBJC_ISA_USAGE = YES_ERROR;
				CLANG_WARN_EMPTY_BODY = YES;
				CLANG_WARN_ENUM_CONVERSION = YES;
				CLANG_WARN_INT_CONVERSION = YES;
				CLANG_WARN_OBJC_ROOT_CLASS = YES_ERROR;
				CLANG_WARN_UNREACHABLE_CODE = YES;
				CLANG_WARN__DUPLICATE_METHOD_MATCH = YES;
				"CODE_SIGN_IDENTITY[sdk=iphoneos*]" = "iPhone Developer";
				COPY_PHASE_STRIP = NO;
				DEBUG_INFORMATION_FORMAT = "dwarf-with-dsym";
				ENABLE_NS_ASSERTIONS = NO;
				ENABLE_STRICT_OBJC_MSGSEND = YES;
				GCC_C_LANGUAGE_STANDARD = gnu99;
				GCC_NO_COMMON_BLOCKS = YES;
				GCC_WARN_64_TO_32_BIT_CONVERSION = YES;
				GCC_WARN_ABOUT_RETURN_TYPE = YES_ERROR;
				GCC_WARN_UNDECLARED_SELECTOR = YES;
				GCC_WARN_UNINITIALIZED_AUTOS = YES_AGGRESSIVE;
				GCC_WARN_UNUSED_FUNCTION = YES;
				GCC_WARN_UNUSED_VARIABLE = YES;
				IPHONEOS_DEPLOYMENT_TARGET = 9.2;
				MTL_ENABLE_DEBUG_INFO = NO;
				SDKROOT = iphoneos;
				VALIDATE_PRODUCT = YES;
			};
			name = Release;
		};
		29F04D7E1CC18C330082AB14 /* Debug */ = {
			isa = XCBuildConfiguration;
			baseConfigurationReference = A9E70EF478E0D4E03E1F363E /* Pods-Marvel.debug.xcconfig */;
			buildSettings = {
				ASSETCATALOG_COMPILER_APPICON_NAME = AppIcon;
				INFOPLIST_FILE = Marvel/Info.plist;
				LD_RUNPATH_SEARCH_PATHS = "$(inherited) @executable_path/Frameworks";
				LIBRARY_SEARCH_PATHS = (
					"$(inherited)",
					"$(SDKROOT)/usr/lib/system",
				);
				PRODUCT_BUNDLE_IDENTIFIER = com.smapps.Marvel;
				PRODUCT_NAME = "$(TARGET_NAME)";
			};
			name = Debug;
		};
		29F04D7F1CC18C330082AB14 /* Release */ = {
			isa = XCBuildConfiguration;
			baseConfigurationReference = ABD9059BE872BFE1BDA0944D /* Pods-Marvel.release.xcconfig */;
			buildSettings = {
				ASSETCATALOG_COMPILER_APPICON_NAME = AppIcon;
				INFOPLIST_FILE = Marvel/Info.plist;
				LD_RUNPATH_SEARCH_PATHS = "$(inherited) @executable_path/Frameworks";
				LIBRARY_SEARCH_PATHS = (
					"$(inherited)",
					"$(SDKROOT)/usr/lib/system",
				);
				PRODUCT_BUNDLE_IDENTIFIER = com.smapps.Marvel;
				PRODUCT_NAME = "$(TARGET_NAME)";
			};
			name = Release;
		};
		29F04D811CC18C330082AB14 /* Debug */ = {
			isa = XCBuildConfiguration;
			buildSettings = {
				BUNDLE_LOADER = "$(TEST_HOST)";
				INFOPLIST_FILE = MarvelTests/Info.plist;
				LD_RUNPATH_SEARCH_PATHS = "$(inherited) @executable_path/Frameworks @loader_path/Frameworks";
				PRODUCT_BUNDLE_IDENTIFIER = com.smapps.MarvelTests;
				PRODUCT_NAME = "$(TARGET_NAME)";
				TEST_HOST = "$(BUILT_PRODUCTS_DIR)/Marvel.app/Marvel";
			};
			name = Debug;
		};
		29F04D821CC18C330082AB14 /* Release */ = {
			isa = XCBuildConfiguration;
			buildSettings = {
				BUNDLE_LOADER = "$(TEST_HOST)";
				INFOPLIST_FILE = MarvelTests/Info.plist;
				LD_RUNPATH_SEARCH_PATHS = "$(inherited) @executable_path/Frameworks @loader_path/Frameworks";
				PRODUCT_BUNDLE_IDENTIFIER = com.smapps.MarvelTests;
				PRODUCT_NAME = "$(TARGET_NAME)";
				TEST_HOST = "$(BUILT_PRODUCTS_DIR)/Marvel.app/Marvel";
			};
			name = Release;
		};
		29F04D841CC18C330082AB14 /* Debug */ = {
			isa = XCBuildConfiguration;
			buildSettings = {
				INFOPLIST_FILE = MarvelUITests/Info.plist;
				LD_RUNPATH_SEARCH_PATHS = "$(inherited) @executable_path/Frameworks @loader_path/Frameworks";
				PRODUCT_BUNDLE_IDENTIFIER = com.smapps.MarvelUITests;
				PRODUCT_NAME = "$(TARGET_NAME)";
				TEST_TARGET_NAME = Marvel;
				USES_XCTRUNNER = YES;
			};
			name = Debug;
		};
		29F04D851CC18C330082AB14 /* Release */ = {
			isa = XCBuildConfiguration;
			buildSettings = {
				INFOPLIST_FILE = MarvelUITests/Info.plist;
				LD_RUNPATH_SEARCH_PATHS = "$(inherited) @executable_path/Frameworks @loader_path/Frameworks";
				PRODUCT_BUNDLE_IDENTIFIER = com.smapps.MarvelUITests;
				PRODUCT_NAME = "$(TARGET_NAME)";
				TEST_TARGET_NAME = Marvel;
				USES_XCTRUNNER = YES;
			};
			name = Release;
		};
/* End XCBuildConfiguration section */

/* Begin XCConfigurationList section */
		29F04D4E1CC18C2F0082AB14 /* Build configuration list for PBXProject "Marvel" */ = {
			isa = XCConfigurationList;
			buildConfigurations = (
				29F04D7B1CC18C330082AB14 /* Debug */,
				29F04D7C1CC18C330082AB14 /* Release */,
			);
			defaultConfigurationIsVisible = 0;
			defaultConfigurationName = Release;
		};
		29F04D7D1CC18C330082AB14 /* Build configuration list for PBXNativeTarget "Marvel" */ = {
			isa = XCConfigurationList;
			buildConfigurations = (
				29F04D7E1CC18C330082AB14 /* Debug */,
				29F04D7F1CC18C330082AB14 /* Release */,
			);
			defaultConfigurationIsVisible = 0;
			defaultConfigurationName = Release;
		};
		29F04D801CC18C330082AB14 /* Build configuration list for PBXNativeTarget "MarvelTests" */ = {
			isa = XCConfigurationList;
			buildConfigurations = (
				29F04D811CC18C330082AB14 /* Debug */,
				29F04D821CC18C330082AB14 /* Release */,
			);
			defaultConfigurationIsVisible = 0;
			defaultConfigurationName = Release;
		};
		29F04D831CC18C330082AB14 /* Build configuration list for PBXNativeTarget "MarvelUITests" */ = {
			isa = XCConfigurationList;
			buildConfigurations = (
				29F04D841CC18C330082AB14 /* Debug */,
				29F04D851CC18C330082AB14 /* Release */,
			);
			defaultConfigurationIsVisible = 0;
			defaultConfigurationName = Release;
		};
/* End XCConfigurationList section */
	};
	rootObject = 29F04D4B1CC18C2F0082AB14 /* Project object */;
}
